
Microsoft Visual Studio Solution File, Format Version 12.00
# Visual Studio 15
VisualStudioVersion = 15.0.28307.779
MinimumVisualStudioVersion = 10.0.40219.1
Project("{FAE04EC0-301F-11D3-BF4B-00C04F79EFBC}") = "LR1", "LR1\LR1.csproj", "{FE746BFE-9AD5-4169-85DE-17230640583B}"
EndProject
Global
	GlobalSection(SolutionConfigurationPlatforms) = preSolution
		Debug|Any CPU = Debug|Any CPU
		Release|Any CPU = Release|Any CPU
	EndGlobalSection
	GlobalSection(ProjectConfigurationPlatforms) = postSolution
		{FE746BFE-9AD5-4169-85DE-17230640583B}.Debug|Any CPU.ActiveCfg = Debug|Any CPU
		{FE746BFE-9AD5-4169-85DE-17230640583B}.Debug|Any CPU.Build.0 = Debug|Any CPU
		{FE746BFE-9AD5-4169-85DE-17230640583B}.Release|Any CPU.ActiveCfg = Release|Any CPU
		{FE746BFE-9AD5-4169-85DE-17230640583B}.Release|Any CPU.Build.0 = Release|Any CPU
	EndGlobalSection
	GlobalSection(SolutionProperties) = preSolution
		HideSolutionNode = FALSE
	EndGlobalSection
	GlobalSection(ExtensibilityGlobals) = postSolution
		SolutionGuid = {6E44E9A7-C9E7-4B65-851B-0C26D165C365}
	EndGlobalSection
EndGlobal
