
Microsoft Visual Studio Solution File, Format Version 12.00
# Visual Studio Version 16
VisualStudioVersion = 16.0.30517.126
MinimumVisualStudioVersion = 10.0.40219.1
Project("{FAE04EC0-301F-11D3-BF4B-00C04F79EFBC}") = "PolimorConsoleApp1", "PolimorConsoleApp1\PolimorConsoleApp1.csproj", "{54173865-EF16-4D72-AFE2-78E70D51DCCF}"
EndProject
Global
	GlobalSection(SolutionConfigurationPlatforms) = preSolution
		Debug|Any CPU = Debug|Any CPU
		Release|Any CPU = Release|Any CPU
	EndGlobalSection
	GlobalSection(ProjectConfigurationPlatforms) = postSolution
		{54173865-EF16-4D72-AFE2-78E70D51DCCF}.Debug|Any CPU.ActiveCfg = Debug|Any CPU
		{54173865-EF16-4D72-AFE2-78E70D51DCCF}.Debug|Any CPU.Build.0 = Debug|Any CPU
		{54173865-EF16-4D72-AFE2-78E70D51DCCF}.Release|Any CPU.ActiveCfg = Release|Any CPU
		{54173865-EF16-4D72-AFE2-78E70D51DCCF}.Release|Any CPU.Build.0 = Release|Any CPU
	EndGlobalSection
	GlobalSection(SolutionProperties) = preSolution
		HideSolutionNode = FALSE
	EndGlobalSection
	GlobalSection(ExtensibilityGlobals) = postSolution
		SolutionGuid = {1BB33BA0-25C2-4598-925E-777F67007BC1}
	EndGlobalSection
EndGlobal
