
Microsoft Visual Studio Solution File, Format Version 12.00
# Visual Studio Version 16
VisualStudioVersion = 16.0.30517.126
MinimumVisualStudioVersion = 10.0.40219.1
Project("{9A19103F-16F7-4668-BE54-9A1E7A4F7556}") = "PolimorConsoleApp1", "PolimorConsoleApp1\PolimorConsoleApp1.csproj", "{54173865-EF16-4D72-AFE2-78E70D51DCCF}"
EndProject
Project("{FAE04EC0-301F-11D3-BF4B-00C04F79EFBC}") = "TestModifiersLibrary", "TestModifiersLibrary\TestModifiersLibrary.csproj", "{276C47A7-4ADC-4069-A90A-08CB0DF35784}"
EndProject
Global
	GlobalSection(SolutionConfigurationPlatforms) = preSolution
		Debug|Any CPU = Debug|Any CPU
		Debug|x64 = Debug|x64
		Debug|x86 = Debug|x86
		Release|Any CPU = Release|Any CPU
		Release|x64 = Release|x64
		Release|x86 = Release|x86
	EndGlobalSection
	GlobalSection(ProjectConfigurationPlatforms) = postSolution
		{54173865-EF16-4D72-AFE2-78E70D51DCCF}.Debug|Any CPU.ActiveCfg = Debug|Any CPU
		{54173865-EF16-4D72-AFE2-78E70D51DCCF}.Debug|Any CPU.Build.0 = Debug|Any CPU
		{54173865-EF16-4D72-AFE2-78E70D51DCCF}.Debug|x64.ActiveCfg = Debug|Any CPU
		{54173865-EF16-4D72-AFE2-78E70D51DCCF}.Debug|x64.Build.0 = Debug|Any CPU
		{54173865-EF16-4D72-AFE2-78E70D51DCCF}.Debug|x86.ActiveCfg = Debug|Any CPU
		{54173865-EF16-4D72-AFE2-78E70D51DCCF}.Debug|x86.Build.0 = Debug|Any CPU
		{54173865-EF16-4D72-AFE2-78E70D51DCCF}.Release|Any CPU.ActiveCfg = Release|Any CPU
		{54173865-EF16-4D72-AFE2-78E70D51DCCF}.Release|Any CPU.Build.0 = Release|Any CPU
		{54173865-EF16-4D72-AFE2-78E70D51DCCF}.Release|x64.ActiveCfg = Release|Any CPU
		{54173865-EF16-4D72-AFE2-78E70D51DCCF}.Release|x64.Build.0 = Release|Any CPU
		{54173865-EF16-4D72-AFE2-78E70D51DCCF}.Release|x86.ActiveCfg = Release|Any CPU
		{54173865-EF16-4D72-AFE2-78E70D51DCCF}.Release|x86.Build.0 = Release|Any CPU
		{276C47A7-4ADC-4069-A90A-08CB0DF35784}.Debug|Any CPU.ActiveCfg = Debug|Any CPU
		{276C47A7-4ADC-4069-A90A-08CB0DF35784}.Debug|Any CPU.Build.0 = Debug|Any CPU
		{276C47A7-4ADC-4069-A90A-08CB0DF35784}.Debug|x64.ActiveCfg = Debug|Any CPU
		{276C47A7-4ADC-4069-A90A-08CB0DF35784}.Debug|x64.Build.0 = Debug|Any CPU
		{276C47A7-4ADC-4069-A90A-08CB0DF35784}.Debug|x86.ActiveCfg = Debug|Any CPU
		{276C47A7-4ADC-4069-A90A-08CB0DF35784}.Debug|x86.Build.0 = Debug|Any CPU
		{276C47A7-4ADC-4069-A90A-08CB0DF35784}.Release|Any CPU.ActiveCfg = Release|Any CPU
		{276C47A7-4ADC-4069-A90A-08CB0DF35784}.Release|Any CPU.Build.0 = Release|Any CPU
		{276C47A7-4ADC-4069-A90A-08CB0DF35784}.Release|x64.ActiveCfg = Release|Any CPU
		{276C47A7-4ADC-4069-A90A-08CB0DF35784}.Release|x64.Build.0 = Release|Any CPU
		{276C47A7-4ADC-4069-A90A-08CB0DF35784}.Release|x86.ActiveCfg = Release|Any CPU
		{276C47A7-4ADC-4069-A90A-08CB0DF35784}.Release|x86.Build.0 = Release|Any CPU
	EndGlobalSection
	GlobalSection(SolutionProperties) = preSolution
		HideSolutionNode = FALSE
	EndGlobalSection
	GlobalSection(ExtensibilityGlobals) = postSolution
		SolutionGuid = {1BB33BA0-25C2-4598-925E-777F67007BC1}
	EndGlobalSection
EndGlobal
